// !$*UTF8*$!
{
	archiveVersion = 1;
	classes = {
	};
	objectVersion = 77;
	objects = {

/* Begin PBXBuildFile section */
		CC7155032FE3373C009EC8C2 /* AppDelegate.swift in Sources */ = {isa = PBXBuildFile; fileRef = CC7155022FE3373C009EC8C2 /* AppDelegate.swift */; };
		CC7155072FE3373C009EC8C2 /* Main.html in Resources */ = {isa = PBXBuildFile; fileRef = CC7155052FE3373C009EC8C2 /* Main.html */; };
		CC7155092FE3373C009EC8C2 /* Icon.png in Resources */ = {isa = PBXBuildFile; fileRef = CC7155082FE3373C009EC8C2 /* Icon.png */; };
		CC71550B2FE3373C009EC8C2 /* Style.css in Resources */ = {isa = PBXBuildFile; fileRef = CC71550A2FE3373C009EC8C2 /* Style.css */; };
		CC71550D2FE3373C009EC8C2 /* Script.js in Resources */ = {isa = PBXBuildFile; fileRef = CC71550C2FE3373C009EC8C2 /* Script.js */; };
		CC71550F2FE3373C009EC8C2 /* ViewController.swift in Sources */ = {isa = PBXBuildFile; fileRef = CC71550E2FE3373C009EC8C2 /* ViewController.swift */; };
		CC7155122FE3373C009EC8C2 /* Main.storyboard in Resources */ = {isa = PBXBuildFile; fileRef = CC7155102FE3373C009EC8C2 /* Main.storyboard */; };
		CC7155142FE3373D009EC8C2 /* Assets.xcassets in Resources */ = {isa = PBXBuildFile; fileRef = CC7155132FE3373D009EC8C2 /* Assets.xcassets */; };
		CC71551B2FE3373D009EC8C2 /* Stardance Utils Safari Extension.appex in Embed Foundation Extensions */ = {isa = PBXBuildFile; fileRef = CC71551A2FE3373D009EC8C2 /* Stardance Utils Safari Extension.appex */; settings = {ATTRIBUTES = (RemoveHeadersOnCopy, ); }; };
		CC7155202FE3373D009EC8C2 /* SafariWebExtensionHandler.swift in Sources */ = {isa = PBXBuildFile; fileRef = CC71551F2FE3373D009EC8C2 /* SafariWebExtensionHandler.swift */; };
		CC71553E2FE3373E009EC8C2 /* onboarding.js in Resources */ = {isa = PBXBuildFile; fileRef = CC71552C2FE3373E009EC8C2 /* onboarding.js */; };
		CC71553F2FE3373E009EC8C2 /* styles.css in Resources */ = {isa = PBXBuildFile; fileRef = CC71552D2FE3373E009EC8C2 /* styles.css */; };
		CC7155402FE3373E009EC8C2 /* openai-verify.js in Resources */ = {isa = PBXBuildFile; fileRef = CC71552E2FE3373E009EC8C2 /* openai-verify.js */; };
		CC7155412FE3373E009EC8C2 /* background.js in Resources */ = {isa = PBXBuildFile; fileRef = CC71552F2FE3373E009EC8C2 /* background.js */; };
		CC7155422FE3373E009EC8C2 /* command-palette.js in Resources */ = {isa = PBXBuildFile; fileRef = CC7155302FE3373E009EC8C2 /* command-palette.js */; };
		CC7155432FE3373E009EC8C2 /* sidebar.js in Resources */ = {isa = PBXBuildFile; fileRef = CC7155312FE3373E009EC8C2 /* sidebar.js */; };
		CC7155442FE3373E009EC8C2 /* ai-check.js in Resources */ = {isa = PBXBuildFile; fileRef = CC7155322FE3373E009EC8C2 /* ai-check.js */; };
		CC7155452FE3373E009EC8C2 /* themes.js in Resources */ = {isa = PBXBuildFile; fileRef = CC7155332FE3373E009EC8C2 /* themes.js */; };
		CC7155462FE3373E009EC8C2 /* icon128.png in Resources */ = {isa = PBXBuildFile; fileRef = CC7155342FE3373E009EC8C2 /* icon128.png */; };
		CC7155472FE3373E009EC8C2 /* icon64.png in Resources */ = {isa = PBXBuildFile; fileRef = CC7155352FE3373E009EC8C2 /* icon64.png */; };
		CC7155482FE3373E009EC8C2 /* projects.js in Resources */ = {isa = PBXBuildFile; fileRef = CC7155362FE3373E009EC8C2 /* projects.js */; };
		CC7155492FE3373E009EC8C2 /* manifest.json in Resources */ = {isa = PBXBuildFile; fileRef = CC7155372FE3373E009EC8C2 /* manifest.json */; };
		CC71554A2FE3373E009EC8C2 /* shop.js in Resources */ = {isa = PBXBuildFile; fileRef = CC7155382FE3373E009EC8C2 /* shop.js */; };
		CC71554B2FE3373E009EC8C2 /* content.js in Resources */ = {isa = PBXBuildFile; fileRef = CC7155392FE3373E009EC8C2 /* content.js */; };
		CC71554C2FE3373E009EC8C2 /* shared.js in Resources */ = {isa = PBXBuildFile; fileRef = CC71553A2FE3373E009EC8C2 /* shared.js */; };
		CC71554D2FE3373E009EC8C2 /* themes in Resources */ = {isa = PBXBuildFile; fileRef = CC71553B2FE3373E009EC8C2 /* themes */; };
		CC71554E2FE3373E009EC8C2 /* settings.js in Resources */ = {isa = PBXBuildFile; fileRef = CC71553C2FE3373E009EC8C2 /* settings.js */; };
		CC71554F2FE3373E009EC8C2 /* icon32.png in Resources */ = {isa = PBXBuildFile; fileRef = CC71553D2FE3373E009EC8C2 /* icon32.png */; };
/* End PBXBuildFile section */

/* Begin PBXContainerItemProxy section */
		CC71551C2FE3373D009EC8C2 /* PBXContainerItemProxy */ = {
			isa = PBXContainerItemProxy;
			containerPortal = CC7154F72FE3373C009EC8C2 /* Project object */;
			proxyType = 1;
			remoteGlobalIDString = CC7155192FE3373D009EC8C2;
			remoteInfo = "Stardance Utils Safari Extension";
		};
/* End PBXContainerItemProxy section */

/* Begin PBXCopyFilesBuildPhase section */
		CC7155272FE3373D009EC8C2 /* Embed Foundation Extensions */ = {
			isa = PBXCopyFilesBuildPhase;
			buildActionMask = 2147483647;
			dstPath = "";
			dstSubfolderSpec = 13;
			files = (
				CC71551B2FE3373D009EC8C2 /* Stardance Utils Safari Extension.appex in Embed Foundation Extensions */,
			);
			name = "Embed Foundation Extensions";
			runOnlyForDeploymentPostprocessing = 0;
		};
/* End PBXCopyFilesBuildPhase section */

/* Begin PBXFileReference section */
		CC7154FF2FE3373C009EC8C2 /* Stardance Utils Safari.app */ = {isa = PBXFileReference; explicitFileType = wrapper.application; includeInIndex = 0; path = "Stardance Utils Safari.app"; sourceTree = BUILT_PRODUCTS_DIR; };
		CC7155022FE3373C009EC8C2 /* AppDelegate.swift */ = {isa = PBXFileReference; lastKnownFileType = sourcecode.swift; path = AppDelegate.swift; sourceTree = "<group>"; };
		CC7155062FE3373C009EC8C2 /* Base */ = {isa = PBXFileReference; lastKnownFileType = text.html; name = Base; path = Base.lproj/Main.html; sourceTree = "<group>"; };
		CC7155082FE3373C009EC8C2 /* Icon.png */ = {isa = PBXFileReference; lastKnownFileType = image.png; path = Icon.png; sourceTree = "<group>"; };
		CC71550A2FE3373C009EC8C2 /* Style.css */ = {isa = PBXFileReference; lastKnownFileType = text.css; path = Style.css; sourceTree = "<group>"; };
		CC71550C2FE3373C009EC8C2 /* Script.js */ = {isa = PBXFileReference; lastKnownFileType = sourcecode.javascript; path = Script.js; sourceTree = "<group>"; };
		CC71550E2FE3373C009EC8C2 /* ViewController.swift */ = {isa = PBXFileReference; lastKnownFileType = sourcecode.swift; path = ViewController.swift; sourceTree = "<group>"; };
		CC7155112FE3373C009EC8C2 /* Base */ = {isa = PBXFileReference; lastKnownFileType = file.storyboard; name = Base; path = Base.lproj/Main.storyboard; sourceTree = "<group>"; };
		CC7155132FE3373D009EC8C2 /* Assets.xcassets */ = {isa = PBXFileReference; lastKnownFileType = folder.assetcatalog; path = Assets.xcassets; sourceTree = "<group>"; };
		CC7155152FE3373D009EC8C2 /* Info.plist */ = {isa = PBXFileReference; lastKnownFileType = text.plist.xml; path = Info.plist; sourceTree = "<group>"; };
		CC71551A2FE3373D009EC8C2 /* Stardance Utils Safari Extension.appex */ = {isa = PBXFileReference; explicitFileType = "wrapper.app-extension"; includeInIndex = 0; path = "Stardance Utils Safari Extension.appex"; sourceTree = BUILT_PRODUCTS_DIR; };
		CC71551F2FE3373D009EC8C2 /* SafariWebExtensionHandler.swift */ = {isa = PBXFileReference; lastKnownFileType = sourcecode.swift; path = SafariWebExtensionHandler.swift; sourceTree = "<group>"; };
		CC7155212FE3373D009EC8C2 /* Info.plist */ = {isa = PBXFileReference; lastKnownFileType = text.plist.xml; path = Info.plist; sourceTree = "<group>"; };
		CC71552C2FE3373E009EC8C2 /* onboarding.js */ = {isa = PBXFileReference; lastKnownFileType = sourcecode.javascript; name = onboarding.js; path = Resources/onboarding.js; sourceTree = "<group>"; };
		CC71552D2FE3373E009EC8C2 /* styles.css */ = {isa = PBXFileReference; lastKnownFileType = text.css; name = styles.css; path = Resources/styles.css; sourceTree = "<group>"; };
		CC71552E2FE3373E009EC8C2 /* openai-verify.js */ = {isa = PBXFileReference; lastKnownFileType = sourcecode.javascript; name = "openai-verify.js"; path = "Resources/openai-verify.js"; sourceTree = "<group>"; };
		CC71552F2FE3373E009EC8C2 /* background.js */ = {isa = PBXFileReference; lastKnownFileType = sourcecode.javascript; name = background.js; path = Resources/background.js; sourceTree = "<group>"; };
		CC7155302FE3373E009EC8C2 /* command-palette.js */ = {isa = PBXFileReference; lastKnownFileType = sourcecode.javascript; name = "command-palette.js"; path = "Resources/command-palette.js"; sourceTree = "<group>"; };
		CC7155312FE3373E009EC8C2 /* sidebar.js */ = {isa = PBXFileReference; lastKnownFileType = sourcecode.javascript; name = sidebar.js; path = Resources/sidebar.js; sourceTree = "<group>"; };
		CC7155322FE3373E009EC8C2 /* ai-check.js */ = {isa = PBXFileReference; lastKnownFileType = sourcecode.javascript; name = "ai-check.js"; path = "Resources/ai-check.js"; sourceTree = "<group>"; };
		CC7155332FE3373E009EC8C2 /* themes.js */ = {isa = PBXFileReference; lastKnownFileType = sourcecode.javascript; name = themes.js; path = Resources/themes.js; sourceTree = "<group>"; };
		CC7155342FE3373E009EC8C2 /* icon128.png */ = {isa = PBXFileReference; lastKnownFileType = image.png; name = icon128.png; path = Resources/icon128.png; sourceTree = "<group>"; };
		CC7155352FE3373E009EC8C2 /* icon64.png */ = {isa = PBXFileReference; lastKnownFileType = image.png; name = icon64.png; path = Resources/icon64.png; sourceTree = "<group>"; };
		CC7155362FE3373E009EC8C2 /* projects.js */ = {isa = PBXFileReference; lastKnownFileType = sourcecode.javascript; name = projects.js; path = Resources/projects.js; sourceTree = "<group>"; };
		CC7155372FE3373E009EC8C2 /* manifest.json */ = {isa = PBXFileReference; lastKnownFileType = text.json; name = manifest.json; path = Resources/manifest.json; sourceTree = "<group>"; };
		CC7155382FE3373E009EC8C2 /* shop.js */ = {isa = PBXFileReference; lastKnownFileType = sourcecode.javascript; name = shop.js; path = Resources/shop.js; sourceTree = "<group>"; };
		CC7155392FE3373E009EC8C2 /* content.js */ = {isa = PBXFileReference; lastKnownFileType = sourcecode.javascript; name = content.js; path = Resources/content.js; sourceTree = "<group>"; };
		CC71553A2FE3373E009EC8C2 /* shared.js */ = {isa = PBXFileReference; lastKnownFileType = sourcecode.javascript; name = shared.js; path = Resources/shared.js; sourceTree = "<group>"; };
		CC71553B2FE3373E009EC8C2 /* themes */ = {isa = PBXFileReference; lastKnownFileType = folder; name = themes; path = Resources/themes; sourceTree = "<group>"; };
		CC71553C2FE3373E009EC8C2 /* settings.js */ = {isa = PBXFileReference; lastKnownFileType = sourcecode.javascript; name = settings.js; path = Resources/settings.js; sourceTree = "<group>"; };
		CC71553D2FE3373E009EC8C2 /* icon32.png */ = {isa = PBXFileReference; lastKnownFileType = image.png; name = icon32.png; path = Resources/icon32.png; sourceTree = "<group>"; };
/* End PBXFileReference section */

/* Begin PBXFrameworksBuildPhase section */
		CC7154FC2FE3373C009EC8C2 /* Frameworks */ = {
			isa = PBXFrameworksBuildPhase;
			buildActionMask = 2147483647;
			files = (
			);
			runOnlyForDeploymentPostprocessing = 0;
		};
		CC7155172FE3373D009EC8C2 /* Frameworks */ = {
			isa = PBXFrameworksBuildPhase;
			buildActionMask = 2147483647;
			files = (
			);
			runOnlyForDeploymentPostprocessing = 0;
		};
/* End PBXFrameworksBuildPhase section */

/* Begin PBXGroup section */
		CC7154F62FE3373C009EC8C2 = {
			isa = PBXGroup;
			children = (
				CC7155012FE3373C009EC8C2 /* Stardance Utils Safari */,
				CC71551E2FE3373D009EC8C2 /* Stardance Utils Safari Extension */,
				CC7155002FE3373C009EC8C2 /* Products */,
			);
			sourceTree = "<group>";
		};
		CC7155002FE3373C009EC8C2 /* Products */ = {
			isa = PBXGroup;
			children = (
				CC7154FF2FE3373C009EC8C2 /* Stardance Utils Safari.app */,
				CC71551A2FE3373D009EC8C2 /* Stardance Utils Safari Extension.appex */,
			);
			name = Products;
			sourceTree = "<group>";
		};
		CC7155012FE3373C009EC8C2 /* Stardance Utils Safari */ = {
			isa = PBXGroup;
			children = (
				CC7155022FE3373C009EC8C2 /* AppDelegate.swift */,
				CC71550E2FE3373C009EC8C2 /* ViewController.swift */,
				CC7155102FE3373C009EC8C2 /* Main.storyboard */,
				CC7155132FE3373D009EC8C2 /* Assets.xcassets */,
				CC7155152FE3373D009EC8C2 /* Info.plist */,
				CC7155042FE3373C009EC8C2 /* Resources */,
			);
			path = "Stardance Utils Safari";
			sourceTree = "<group>";
		};
		CC7155042FE3373C009EC8C2 /* Resources */ = {
			isa = PBXGroup;
			children = (
				CC7155052FE3373C009EC8C2 /* Main.html */,
				CC7155082FE3373C009EC8C2 /* Icon.png */,
				CC71550A2FE3373C009EC8C2 /* Style.css */,
				CC71550C2FE3373C009EC8C2 /* Script.js */,
			);
			path = Resources;
			sourceTree = "<group>";
		};
		CC71551E2FE3373D009EC8C2 /* Stardance Utils Safari Extension */ = {
			isa = PBXGroup;
			children = (
				CC71552B2FE3373E009EC8C2 /* Resources */,
				CC71551F2FE3373D009EC8C2 /* SafariWebExtensionHandler.swift */,
				CC7155212FE3373D009EC8C2 /* Info.plist */,
			);
			path = "Stardance Utils Safari Extension";
			sourceTree = "<group>";
		};
		CC71552B2FE3373E009EC8C2 /* Resources */ = {
			isa = PBXGroup;
			children = (
				CC71552C2FE3373E009EC8C2 /* onboarding.js */,
				CC71552D2FE3373E009EC8C2 /* styles.css */,
				CC71552E2FE3373E009EC8C2 /* openai-verify.js */,
				CC71552F2FE3373E009EC8C2 /* background.js */,
				CC7155302FE3373E009EC8C2 /* command-palette.js */,
				CC7155312FE3373E009EC8C2 /* sidebar.js */,
				CC7155322FE3373E009EC8C2 /* ai-check.js */,
				CC7155332FE3373E009EC8C2 /* themes.js */,
				CC7155342FE3373E009EC8C2 /* icon128.png */,
				CC7155352FE3373E009EC8C2 /* icon64.png */,
				CC7155362FE3373E009EC8C2 /* projects.js */,
				CC7155372FE3373E009EC8C2 /* manifest.json */,
				CC7155382FE3373E009EC8C2 /* shop.js */,
				CC7155392FE3373E009EC8C2 /* content.js */,
				CC71553A2FE3373E009EC8C2 /* shared.js */,
				CC71553B2FE3373E009EC8C2 /* themes */,
				CC71553C2FE3373E009EC8C2 /* settings.js */,
				CC71553D2FE3373E009EC8C2 /* icon32.png */,
			);
			name = Resources;
			path = "Stardance Utils Safari Extension";
			sourceTree = SOURCE_ROOT;
		};
/* End PBXGroup section */

/* Begin PBXNativeTarget section */
		CC7154FE2FE3373C009EC8C2 /* Stardance Utils Safari */ = {
			isa = PBXNativeTarget;
			buildConfigurationList = CC7155282FE3373D009EC8C2 /* Build configuration list for PBXNativeTarget "Stardance Utils Safari" */;
			buildPhases = (
				CC7154FB2FE3373C009EC8C2 /* Sources */,
				CC7154FC2FE3373C009EC8C2 /* Frameworks */,
				CC7154FD2FE3373C009EC8C2 /* Resources */,
				CC7155272FE3373D009EC8C2 /* Embed Foundation Extensions */,
			);
			buildRules = (
			);
			dependencies = (
				CC71551D2FE3373D009EC8C2 /* PBXTargetDependency */,
			);
			name = "Stardance Utils Safari";
			packageProductDependencies = (
			);
			productName = "Stardance Utils Safari";
			productReference = CC7154FF2FE3373C009EC8C2 /* Stardance Utils Safari.app */;
			productType = "com.apple.product-type.application";
		};
		CC7155192FE3373D009EC8C2 /* Stardance Utils Safari Extension */ = {
			isa = PBXNativeTarget;
			buildConfigurationList = CC7155242FE3373D009EC8C2 /* Build configuration list for PBXNativeTarget "Stardance Utils Safari Extension" */;
			buildPhases = (
				CC7155162FE3373D009EC8C2 /* Sources */,
				CC7155172FE3373D009EC8C2 /* Frameworks */,
				CC7155182FE3373D009EC8C2 /* Resources */,
			);
			buildRules = (
			);
			dependencies = (
			);
			name = "Stardance Utils Safari Extension";
			packageProductDependencies = (
			);
			productName = "Stardance Utils Safari Extension";
			productReference = CC71551A2FE3373D009EC8C2 /* Stardance Utils Safari Extension.appex */;
			productType = "com.apple.product-type.app-extension";
		};
/* End PBXNativeTarget section */

/* Begin PBXProject section */
		CC7154F72FE3373C009EC8C2 /* Project object */ = {
			isa = PBXProject;
			attributes = {
				BuildIndependentTargetsInParallel = 1;
				LastSwiftUpdateCheck = 2620;
				LastUpgradeCheck = 2620;
				TargetAttributes = {
					CC7154FE2FE3373C009EC8C2 = {
						CreatedOnToolsVersion = 26.2;
					};
					CC7155192FE3373D009EC8C2 = {
						CreatedOnToolsVersion = 26.2;
					};
				};
			};
			buildConfigurationList = CC7154FA2FE3373C009EC8C2 /* Build configuration list for PBXProject "Stardance Utils Safari" */;
			developmentRegion = en;
			hasScannedForEncodings = 0;
			knownRegions = (
				en,
				Base,
			);
			mainGroup = CC7154F62FE3373C009EC8C2;
			minimizedProjectReferenceProxies = 1;
			preferredProjectObjectVersion = 77;
			productRefGroup = CC7155002FE3373C009EC8C2 /* Products */;
			projectDirPath = "";
			projectRoot = "";
			targets = (
				CC7154FE2FE3373C009EC8C2 /* Stardance Utils Safari */,
				CC7155192FE3373D009EC8C2 /* Stardance Utils Safari Extension */,
			);
		};
/* End PBXProject section */

/* Begin PBXResourcesBuildPhase section */
		CC7154FD2FE3373C009EC8C2 /* Resources */ = {
			isa = PBXResourcesBuildPhase;
			buildActionMask = 2147483647;
			files = (
				CC7155092FE3373C009EC8C2 /* Icon.png in Resources */,
				CC7155122FE3373C009EC8C2 /* Main.storyboard in Resources */,
				CC71550D2FE3373C009EC8C2 /* Script.js in Resources */,
				CC7155072FE3373C009EC8C2 /* Main.html in Resources */,
				CC7155142FE3373D009EC8C2 /* Assets.xcassets in Resources */,
				CC71550B2FE3373C009EC8C2 /* Style.css in Resources */,
			);
			runOnlyForDeploymentPostprocessing = 0;
		};
		CC7155182FE3373D009EC8C2 /* Resources */ = {
			isa = PBXResourcesBuildPhase;
			buildActionMask = 2147483647;
			files = (
				CC7155422FE3373E009EC8C2 /* command-palette.js in Resources */,
				CC7155412FE3373E009EC8C2 /* background.js in Resources */,
				CC7155462FE3373E009EC8C2 /* icon128.png in Resources */,
				CC7155452FE3373E009EC8C2 /* themes.js in Resources */,
				CC7155492FE3373E009EC8C2 /* manifest.json in Resources */,
				CC71554E2FE3373E009EC8C2 /* settings.js in Resources */,
				CC7155472FE3373E009EC8C2 /* icon64.png in Resources */,
				CC71554F2FE3373E009EC8C2 /* icon32.png in Resources */,
				CC71553E2FE3373E009EC8C2 /* onboarding.js in Resources */,
				CC7155442FE3373E009EC8C2 /* ai-check.js in Resources */,
				CC7155482FE3373E009EC8C2 /* projects.js in Resources */,
				CC71554A2FE3373E009EC8C2 /* shop.js in Resources */,
				CC7155402FE3373E009EC8C2 /* openai-verify.js in Resources */,
				CC71553F2FE3373E009EC8C2 /* styles.css in Resources */,
				CC71554D2FE3373E009EC8C2 /* themes in Resources */,
				CC71554B2FE3373E009EC8C2 /* content.js in Resources */,
				CC71554C2FE3373E009EC8C2 /* shared.js in Resources */,
				CC7155432FE3373E009EC8C2 /* sidebar.js in Resources */,
			);
			runOnlyForDeploymentPostprocessing = 0;
		};
/* End PBXResourcesBuildPhase section */

/* Begin PBXSourcesBuildPhase section */
		CC7154FB2FE3373C009EC8C2 /* Sources */ = {
			isa = PBXSourcesBuildPhase;
			buildActionMask = 2147483647;
			files = (
				CC71550F2FE3373C009EC8C2 /* ViewController.swift in Sources */,
				CC7155032FE3373C009EC8C2 /* AppDelegate.swift in Sources */,
			);
			runOnlyForDeploymentPostprocessing = 0;
		};
		CC7155162FE3373D009EC8C2 /* Sources */ = {
			isa = PBXSourcesBuildPhase;
			buildActionMask = 2147483647;
			files = (
				CC7155202FE3373D009EC8C2 /* SafariWebExtensionHandler.swift in Sources */,
			);
			runOnlyForDeploymentPostprocessing = 0;
		};
/* End PBXSourcesBuildPhase section */

/* Begin PBXTargetDependency section */
		CC71551D2FE3373D009EC8C2 /* PBXTargetDependency */ = {
			isa = PBXTargetDependency;
			target = CC7155192FE3373D009EC8C2 /* Stardance Utils Safari Extension */;
			targetProxy = CC71551C2FE3373D009EC8C2 /* PBXContainerItemProxy */;
		};
/* End PBXTargetDependency section */

/* Begin PBXVariantGroup section */
		CC7155052FE3373C009EC8C2 /* Main.html */ = {
			isa = PBXVariantGroup;
			children = (
				CC7155062FE3373C009EC8C2 /* Base */,
			);
			name = Main.html;
			sourceTree = "<group>";
		};
		CC7155102FE3373C009EC8C2 /* Main.storyboard */ = {
			isa = PBXVariantGroup;
			children = (
				CC7155112FE3373C009EC8C2 /* Base */,
			);
			name = Main.storyboard;
			sourceTree = "<group>";
		};
/* End PBXVariantGroup section */

/* Begin XCBuildConfiguration section */
		CC7155222FE3373D009EC8C2 /* Debug */ = {
			isa = XCBuildConfiguration;
			buildSettings = {
				ALWAYS_SEARCH_USER_PATHS = NO;
				ASSETCATALOG_COMPILER_GENERATE_SWIFT_ASSET_SYMBOL_EXTENSIONS = YES;
				CLANG_ANALYZER_NONNULL = YES;
				CLANG_ANALYZER_NUMBER_OBJECT_CONVERSION = YES_AGGRESSIVE;
				CLANG_CXX_LANGUAGE_STANDARD = "gnu++20";
				CLANG_ENABLE_MODULES = YES;
				CLANG_ENABLE_OBJC_ARC = YES;
				CLANG_ENABLE_OBJC_WEAK = YES;
				CLANG_WARN_BLOCK_CAPTURE_AUTORELEASING = YES;
				CLANG_WARN_BOOL_CONVERSION = YES;
				CLANG_WARN_COMMA = YES;
				CLANG_WARN_CONSTANT_CONVERSION = YES;
				CLANG_WARN_DEPRECATED_OBJC_IMPLEMENTATIONS = YES;
				CLANG_WARN_DIRECT_OBJC_ISA_USAGE = YES_ERROR;
				CLANG_WARN_DOCUMENTATION_COMMENTS = YES;
				CLANG_WARN_EMPTY_BODY = YES;
				CLANG_WARN_ENUM_CONVERSION = YES;
				CLANG_WARN_INFINITE_RECURSION = YES;
				CLANG_WARN_INT_CONVERSION = YES;
				CLANG_WARN_NON_LITERAL_NULL_CONVERSION = YES;
				CLANG_WARN_OBJC_IMPLICIT_RETAIN_SELF = YES;
				CLANG_WARN_OBJC_LITERAL_CONVERSION = YES;
				CLANG_WARN_OBJC_ROOT_CLASS = YES_ERROR;
				CLANG_WARN_QUOTED_INCLUDE_IN_FRAMEWORK_HEADER = YES;
				CLANG_WARN_RANGE_LOOP_ANALYSIS = YES;
				CLANG_WARN_STRICT_PROTOTYPES = YES;
				CLANG_WARN_SUSPICIOUS_MOVE = YES;
				CLANG_WARN_UNGUARDED_AVAILABILITY = YES_AGGRESSIVE;
				CLANG_WARN_UNREACHABLE_CODE = YES;
				CLANG_WARN__DUPLICATE_METHOD_MATCH = YES;
				COPY_PHASE_STRIP = NO;
				DEBUG_INFORMATION_FORMAT = dwarf;
				ENABLE_STRICT_OBJC_MSGSEND = YES;
				ENABLE_TESTABILITY = YES;
				ENABLE_USER_SCRIPT_SANDBOXING = YES;
				GCC_C_LANGUAGE_STANDARD = gnu17;
				GCC_DYNAMIC_NO_PIC = NO;
				GCC_NO_COMMON_BLOCKS = YES;
				GCC_OPTIMIZATION_LEVEL = 0;
				GCC_PREPROCESSOR_DEFINITIONS = (
					"DEBUG=1",
					"$(inherited)",
				);
				GCC_WARN_64_TO_32_BIT_CONVERSION = YES;
				GCC_WARN_ABOUT_RETURN_TYPE = YES_ERROR;
				GCC_WARN_UNDECLARED_SELECTOR = YES;
				GCC_WARN_UNINITIALIZED_AUTOS = YES_AGGRESSIVE;
				GCC_WARN_UNUSED_FUNCTION = YES;
				GCC_WARN_UNUSED_VARIABLE = YES;
				LOCALIZATION_PREFERS_STRING_CATALOGS = YES;
				MACOSX_DEPLOYMENT_TARGET = 14.0;
				MTL_ENABLE_DEBUG_INFO = INCLUDE_SOURCE;
				MTL_FAST_MATH = YES;
				ONLY_ACTIVE_ARCH = YES;
				SDKROOT = macosx;
				SWIFT_ACTIVE_COMPILATION_CONDITIONS = "DEBUG $(inherited)";
				SWIFT_OPTIMIZATION_LEVEL = "-Onone";
			};
			name = Debug;
		};
		CC7155232FE3373D009EC8C2 /* Release */ = {
			isa = XCBuildConfiguration;
			buildSettings = {
				ALWAYS_SEARCH_USER_PATHS = NO;
				ASSETCATALOG_COMPILER_GENERATE_SWIFT_ASSET_SYMBOL_EXTENSIONS = YES;
				CLANG_ANALYZER_NONNULL = YES;
				CLANG_ANALYZER_NUMBER_OBJECT_CONVERSION = YES_AGGRESSIVE;
				CLANG_CXX_LANGUAGE_STANDARD = "gnu++20";
				CLANG_ENABLE_MODULES = YES;
				CLANG_ENABLE_OBJC_ARC = YES;
				CLANG_ENABLE_OBJC_WEAK = YES;
				CLANG_WARN_BLOCK_CAPTURE_AUTORELEASING = YES;
				CLANG_WARN_BOOL_CONVERSION = YES;
				CLANG_WARN_COMMA = YES;
				CLANG_WARN_CONSTANT_CONVERSION = YES;
				CLANG_WARN_DEPRECATED_OBJC_IMPLEMENTATIONS = YES;
				CLANG_WARN_DIRECT_OBJC_ISA_USAGE = YES_ERROR;
				CLANG_WARN_DOCUMENTATION_COMMENTS = YES;
				CLANG_WARN_EMPTY_BODY = YES;
				CLANG_WARN_ENUM_CONVERSION = YES;
				CLANG_WARN_INFINITE_RECURSION = YES;
				CLANG_WARN_INT_CONVERSION = YES;
				CLANG_WARN_NON_LITERAL_NULL_CONVERSION = YES;
				CLANG_WARN_OBJC_IMPLICIT_RETAIN_SELF = YES;
				CLANG_WARN_OBJC_LITERAL_CONVERSION = YES;
				CLANG_WARN_OBJC_ROOT_CLASS = YES_ERROR;
				CLANG_WARN_QUOTED_INCLUDE_IN_FRAMEWORK_HEADER = YES;
				CLANG_WARN_RANGE_LOOP_ANALYSIS = YES;
				CLANG_WARN_STRICT_PROTOTYPES = YES;
				CLANG_WARN_SUSPICIOUS_MOVE = YES;
				CLANG_WARN_UNGUARDED_AVAILABILITY = YES_AGGRESSIVE;
				CLANG_WARN_UNREACHABLE_CODE = YES;
				CLANG_WARN__DUPLICATE_METHOD_MATCH = YES;
				COPY_PHASE_STRIP = NO;
				DEBUG_INFORMATION_FORMAT = "dwarf-with-dsym";
				ENABLE_NS_ASSERTIONS = NO;
				ENABLE_STRICT_OBJC_MSGSEND = YES;
				ENABLE_USER_SCRIPT_SANDBOXING = YES;
				GCC_C_LANGUAGE_STANDARD = gnu17;
				GCC_NO_COMMON_BLOCKS = YES;
				GCC_WARN_64_TO_32_BIT_CONVERSION = YES;
				GCC_WARN_ABOUT_RETURN_TYPE = YES_ERROR;
				GCC_WARN_UNDECLARED_SELECTOR = YES;
				GCC_WARN_UNINITIALIZED_AUTOS = YES_AGGRESSIVE;
				GCC_WARN_UNUSED_FUNCTION = YES;
				GCC_WARN_UNUSED_VARIABLE = YES;
				LOCALIZATION_PREFERS_STRING_CATALOGS = YES;
				MACOSX_DEPLOYMENT_TARGET = 14.0;
				MTL_ENABLE_DEBUG_INFO = NO;
				MTL_FAST_MATH = YES;
				SDKROOT = macosx;
				SWIFT_COMPILATION_MODE = wholemodule;
			};
			name = Release;
		};
		CC7155252FE3373D009EC8C2 /* Debug */ = {
			isa = XCBuildConfiguration;
			buildSettings = {
				CODE_SIGN_STYLE = Automatic;
				CURRENT_PROJECT_VERSION = 1;
				ENABLE_APP_SANDBOX = YES;
				ENABLE_HARDENED_RUNTIME = YES;
				ENABLE_USER_SELECTED_FILES = readonly;
				GENERATE_INFOPLIST_FILE = YES;
				INFOPLIST_FILE = "Stardance Utils Safari Extension/Info.plist";
				INFOPLIST_KEY_CFBundleDisplayName = "Stardance Utils Safari Extension";
				INFOPLIST_KEY_NSHumanReadableCopyright = "";
				LD_RUNPATH_SEARCH_PATHS = (
					"$(inherited)",
					"@executable_path/../Frameworks",
					"@executable_path/../../../../Frameworks",
				);
				MACOSX_DEPLOYMENT_TARGET = 14.0;
				MARKETING_VERSION = 0.0.8;
				OTHER_LDFLAGS = (
					"-framework",
					SafariServices,
				);
				PRODUCT_BUNDLE_IDENTIFIER = com.hridyaagrawal.stardanceutils.extension;
				PRODUCT_NAME = "$(TARGET_NAME)";
				SKIP_INSTALL = YES;
				STRING_CATALOG_GENERATE_SYMBOLS = YES;
				SWIFT_APPROACHABLE_CONCURRENCY = YES;
				SWIFT_EMIT_LOC_STRINGS = YES;
				SWIFT_UPCOMING_FEATURE_MEMBER_IMPORT_VISIBILITY = YES;
				SWIFT_VERSION = 5.0;
			};
			name = Debug;
		};
		CC7155262FE3373D009EC8C2 /* Release */ = {
			isa = XCBuildConfiguration;
			buildSettings = {
				CODE_SIGN_STYLE = Automatic;
				CURRENT_PROJECT_VERSION = 1;
				ENABLE_APP_SANDBOX = YES;
				ENABLE_HARDENED_RUNTIME = YES;
				ENABLE_USER_SELECTED_FILES = readonly;
				GENERATE_INFOPLIST_FILE = YES;
				INFOPLIST_FILE = "Stardance Utils Safari Extension/Info.plist";
				INFOPLIST_KEY_CFBundleDisplayName = "Stardance Utils Safari Extension";
				INFOPLIST_KEY_NSHumanReadableCopyright = "";
				LD_RUNPATH_SEARCH_PATHS = (
					"$(inherited)",
					"@executable_path/../Frameworks",
					"@executable_path/../../../../Frameworks",
				);
				MACOSX_DEPLOYMENT_TARGET = 14.0;
				MARKETING_VERSION = 0.0.8;
				OTHER_LDFLAGS = (
					"-framework",
					SafariServices,
				);
				PRODUCT_BUNDLE_IDENTIFIER = com.hridyaagrawal.stardanceutils.extension;
				PRODUCT_NAME = "$(TARGET_NAME)";
				SKIP_INSTALL = YES;
				STRING_CATALOG_GENERATE_SYMBOLS = YES;
				SWIFT_APPROACHABLE_CONCURRENCY = YES;
				SWIFT_EMIT_LOC_STRINGS = YES;
				SWIFT_UPCOMING_FEATURE_MEMBER_IMPORT_VISIBILITY = YES;
				SWIFT_VERSION = 5.0;
			};
			name = Release;
		};
		CC7155292FE3373D009EC8C2 /* Debug */ = {
			isa = XCBuildConfiguration;
			buildSettings = {
				ASSETCATALOG_COMPILER_APPICON_NAME = AppIcon;
				ASSETCATALOG_COMPILER_GLOBAL_ACCENT_COLOR_NAME = AccentColor;
				CODE_SIGN_STYLE = Automatic;
				COMBINE_HIDPI_IMAGES = YES;
				CURRENT_PROJECT_VERSION = 1;
				ENABLE_APP_SANDBOX = YES;
				ENABLE_HARDENED_RUNTIME = YES;
				ENABLE_OUTGOING_NETWORK_CONNECTIONS = YES;
				ENABLE_USER_SELECTED_FILES = readonly;
				GENERATE_INFOPLIST_FILE = YES;
				INFOPLIST_FILE = "Stardance Utils Safari/Info.plist";
				INFOPLIST_KEY_CFBundleDisplayName = "Stardance Utils Safari";
				INFOPLIST_KEY_LSApplicationCategoryType = "public.app-category.productivity";
				INFOPLIST_KEY_NSHumanReadableCopyright = "";
				INFOPLIST_KEY_NSMainStoryboardFile = Main;
				INFOPLIST_KEY_NSPrincipalClass = NSApplication;
				LD_RUNPATH_SEARCH_PATHS = (
					"$(inherited)",
					"@executable_path/../Frameworks",
				);
				MARKETING_VERSION = 0.0.8;
				OTHER_LDFLAGS = (
					"-framework",
					SafariServices,
					"-framework",
					WebKit,
				);
				PRODUCT_BUNDLE_IDENTIFIER = com.hridyaagrawal.stardanceutils;
				PRODUCT_NAME = "$(TARGET_NAME)";
				REGISTER_APP_GROUPS = YES;
				STRING_CATALOG_GENERATE_SYMBOLS = YES;
				SWIFT_APPROACHABLE_CONCURRENCY = YES;
				SWIFT_DEFAULT_ACTOR_ISOLATION = MainActor;
				SWIFT_EMIT_LOC_STRINGS = YES;
				SWIFT_UPCOMING_FEATURE_MEMBER_IMPORT_VISIBILITY = YES;
				SWIFT_VERSION = 5.0;
			};
			name = Debug;
		};
		CC71552A2FE3373D009EC8C2 /* Release */ = {
			isa = XCBuildConfiguration;
			buildSettings = {
				ASSETCATALOG_COMPILER_APPICON_NAME = AppIcon;
				ASSETCATALOG_COMPILER_GLOBAL_ACCENT_COLOR_NAME = AccentColor;
				CODE_SIGN_STYLE = Automatic;
				COMBINE_HIDPI_IMAGES = YES;
				CURRENT_PROJECT_VERSION = 1;
				ENABLE_APP_SANDBOX = YES;
				ENABLE_HARDENED_RUNTIME = YES;
				ENABLE_OUTGOING_NETWORK_CONNECTIONS = YES;
				ENABLE_USER_SELECTED_FILES = readonly;
				GENERATE_INFOPLIST_FILE = YES;
				INFOPLIST_FILE = "Stardance Utils Safari/Info.plist";
				INFOPLIST_KEY_CFBundleDisplayName = "Stardance Utils Safari";
				INFOPLIST_KEY_LSApplicationCategoryType = "public.app-category.productivity";
				INFOPLIST_KEY_NSHumanReadableCopyright = "";
				INFOPLIST_KEY_NSMainStoryboardFile = Main;
				INFOPLIST_KEY_NSPrincipalClass = NSApplication;
				LD_RUNPATH_SEARCH_PATHS = (
					"$(inherited)",
					"@executable_path/../Frameworks",
				);
				MARKETING_VERSION = 0.0.8;
				OTHER_LDFLAGS = (
					"-framework",
					SafariServices,
					"-framework",
					WebKit,
				);
				PRODUCT_BUNDLE_IDENTIFIER = com.hridyaagrawal.stardanceutils;
				PRODUCT_NAME = "$(TARGET_NAME)";
				REGISTER_APP_GROUPS = YES;
				STRING_CATALOG_GENERATE_SYMBOLS = YES;
				SWIFT_APPROACHABLE_CONCURRENCY = YES;
				SWIFT_DEFAULT_ACTOR_ISOLATION = MainActor;
				SWIFT_EMIT_LOC_STRINGS = YES;
				SWIFT_UPCOMING_FEATURE_MEMBER_IMPORT_VISIBILITY = YES;
				SWIFT_VERSION = 5.0;
			};
			name = Release;
		};
/* End XCBuildConfiguration section */

/* Begin XCConfigurationList section */
		CC7154FA2FE3373C009EC8C2 /* Build configuration list for PBXProject "Stardance Utils Safari" */ = {
			isa = XCConfigurationList;
			buildConfigurations = (
				CC7155222FE3373D009EC8C2 /* Debug */,
				CC7155232FE3373D009EC8C2 /* Release */,
			);
			defaultConfigurationIsVisible = 0;
			defaultConfigurationName = Release;
		};
		CC7155242FE3373D009EC8C2 /* Build configuration list for PBXNativeTarget "Stardance Utils Safari Extension" */ = {
			isa = XCConfigurationList;
			buildConfigurations = (
				CC7155252FE3373D009EC8C2 /* Debug */,
				CC7155262FE3373D009EC8C2 /* Release */,
			);
			defaultConfigurationIsVisible = 0;
			defaultConfigurationName = Release;
		};
		CC7155282FE3373D009EC8C2 /* Build configuration list for PBXNativeTarget "Stardance Utils Safari" */ = {
			isa = XCConfigurationList;
			buildConfigurations = (
				CC7155292FE3373D009EC8C2 /* Debug */,
				CC71552A2FE3373D009EC8C2 /* Release */,
			);
			defaultConfigurationIsVisible = 0;
			defaultConfigurationName = Release;
		};
/* End XCConfigurationList section */
	};
	rootObject = CC7154F72FE3373C009EC8C2 /* Project object */;
}
