// !$*UTF8*$!
{
	archiveVersion = 1;
	classes = {
	};
	objectVersion = 77;
	objects = {

/* Begin PBXBuildFile section */
		CC25D4B62FE08E9F0083FE0E /* AppDelegate.swift in Sources */ = {isa = PBXBuildFile; fileRef = CC25D4B52FE08E9F0083FE0E /* AppDelegate.swift */; };
		CC25D4BA2FE08E9F0083FE0E /* Main.html in Resources */ = {isa = PBXBuildFile; fileRef = CC25D4B82FE08E9F0083FE0E /* Main.html */; };
		CC25D4BC2FE08E9F0083FE0E /* Icon.png in Resources */ = {isa = PBXBuildFile; fileRef = CC25D4BB2FE08E9F0083FE0E /* Icon.png */; };
		CC25D4BE2FE08E9F0083FE0E /* Style.css in Resources */ = {isa = PBXBuildFile; fileRef = CC25D4BD2FE08E9F0083FE0E /* Style.css */; };
		CC25D4C02FE08E9F0083FE0E /* Script.js in Resources */ = {isa = PBXBuildFile; fileRef = CC25D4BF2FE08E9F0083FE0E /* Script.js */; };
		CC25D4C22FE08E9F0083FE0E /* ViewController.swift in Sources */ = {isa = PBXBuildFile; fileRef = CC25D4C12FE08E9F0083FE0E /* ViewController.swift */; };
		CC25D4C52FE08E9F0083FE0E /* Main.storyboard in Resources */ = {isa = PBXBuildFile; fileRef = CC25D4C32FE08E9F0083FE0E /* Main.storyboard */; };
		CC25D4C72FE08EA00083FE0E /* Assets.xcassets in Resources */ = {isa = PBXBuildFile; fileRef = CC25D4C62FE08EA00083FE0E /* Assets.xcassets */; };
		CC25D4CE2FE08EA00083FE0E /* Stardance Utils Safari Extension.appex in Embed Foundation Extensions */ = {isa = PBXBuildFile; fileRef = CC25D4CD2FE08EA00083FE0E /* Stardance Utils Safari Extension.appex */; settings = {ATTRIBUTES = (RemoveHeadersOnCopy, ); }; };
		CC25D4D32FE08EA00083FE0E /* SafariWebExtensionHandler.swift in Sources */ = {isa = PBXBuildFile; fileRef = CC25D4D22FE08EA00083FE0E /* SafariWebExtensionHandler.swift */; };
		CC25D4F12FE08EA00083FE0E /* onboarding.js in Resources */ = {isa = PBXBuildFile; fileRef = CC25D4DF2FE08EA00083FE0E /* onboarding.js */; };
		CC25D4F22FE08EA00083FE0E /* styles.css in Resources */ = {isa = PBXBuildFile; fileRef = CC25D4E02FE08EA00083FE0E /* styles.css */; };
		CC25D4F32FE08EA00083FE0E /* openai-verify.js in Resources */ = {isa = PBXBuildFile; fileRef = CC25D4E12FE08EA00083FE0E /* openai-verify.js */; };
		CC25D4F42FE08EA00083FE0E /* background.js in Resources */ = {isa = PBXBuildFile; fileRef = CC25D4E22FE08EA00083FE0E /* background.js */; };
		CC25D4F52FE08EA00083FE0E /* command-palette.js in Resources */ = {isa = PBXBuildFile; fileRef = CC25D4E32FE08EA00083FE0E /* command-palette.js */; };
		CC25D4F62FE08EA00083FE0E /* sidebar.js in Resources */ = {isa = PBXBuildFile; fileRef = CC25D4E42FE08EA00083FE0E /* sidebar.js */; };
		CC25D4F72FE08EA00083FE0E /* ai-check.js in Resources */ = {isa = PBXBuildFile; fileRef = CC25D4E52FE08EA00083FE0E /* ai-check.js */; };
		CC25D4F82FE08EA00083FE0E /* themes.js in Resources */ = {isa = PBXBuildFile; fileRef = CC25D4E62FE08EA00083FE0E /* themes.js */; };
		CC25D4F92FE08EA00083FE0E /* icon128.png in Resources */ = {isa = PBXBuildFile; fileRef = CC25D4E72FE08EA00083FE0E /* icon128.png */; };
		CC25D4FA2FE08EA00083FE0E /* icon64.png in Resources */ = {isa = PBXBuildFile; fileRef = CC25D4E82FE08EA00083FE0E /* icon64.png */; };
		CC25D4FB2FE08EA00083FE0E /* projects.js in Resources */ = {isa = PBXBuildFile; fileRef = CC25D4E92FE08EA00083FE0E /* projects.js */; };
		CC25D4FC2FE08EA00083FE0E /* manifest.json in Resources */ = {isa = PBXBuildFile; fileRef = CC25D4EA2FE08EA00083FE0E /* manifest.json */; };
		CC25D4FD2FE08EA00083FE0E /* shop.js in Resources */ = {isa = PBXBuildFile; fileRef = CC25D4EB2FE08EA00083FE0E /* shop.js */; };
		CC25D4FE2FE08EA00083FE0E /* content.js in Resources */ = {isa = PBXBuildFile; fileRef = CC25D4EC2FE08EA00083FE0E /* content.js */; };
		CC25D4FF2FE08EA00083FE0E /* shared.js in Resources */ = {isa = PBXBuildFile; fileRef = CC25D4ED2FE08EA00083FE0E /* shared.js */; };
		CC25D5002FE08EA00083FE0E /* themes in Resources */ = {isa = PBXBuildFile; fileRef = CC25D4EE2FE08EA00083FE0E /* themes */; };
		CC25D5012FE08EA00083FE0E /* settings.js in Resources */ = {isa = PBXBuildFile; fileRef = CC25D4EF2FE08EA00083FE0E /* settings.js */; };
		CC25D5022FE08EA00083FE0E /* icon32.png in Resources */ = {isa = PBXBuildFile; fileRef = CC25D4F02FE08EA00083FE0E /* icon32.png */; };
/* End PBXBuildFile section */

/* Begin PBXContainerItemProxy section */
		CC25D4CF2FE08EA00083FE0E /* PBXContainerItemProxy */ = {
			isa = PBXContainerItemProxy;
			containerPortal = CC25D4AA2FE08E9F0083FE0E /* Project object */;
			proxyType = 1;
			remoteGlobalIDString = CC25D4CC2FE08EA00083FE0E;
			remoteInfo = "Stardance Utils Safari Extension";
		};
/* End PBXContainerItemProxy section */

/* Begin PBXCopyFilesBuildPhase section */
		CC25D4DA2FE08EA00083FE0E /* Embed Foundation Extensions */ = {
			isa = PBXCopyFilesBuildPhase;
			buildActionMask = 2147483647;
			dstPath = "";
			dstSubfolderSpec = 13;
			files = (
				CC25D4CE2FE08EA00083FE0E /* Stardance Utils Safari Extension.appex in Embed Foundation Extensions */,
			);
			name = "Embed Foundation Extensions";
			runOnlyForDeploymentPostprocessing = 0;
		};
/* End PBXCopyFilesBuildPhase section */

/* Begin PBXFileReference section */
		CC25D4B22FE08E9F0083FE0E /* Stardance Utils Safari.app */ = {isa = PBXFileReference; explicitFileType = wrapper.application; includeInIndex = 0; path = "Stardance Utils Safari.app"; sourceTree = BUILT_PRODUCTS_DIR; };
		CC25D4B52FE08E9F0083FE0E /* AppDelegate.swift */ = {isa = PBXFileReference; lastKnownFileType = sourcecode.swift; path = AppDelegate.swift; sourceTree = "<group>"; };
		CC25D4B92FE08E9F0083FE0E /* Base */ = {isa = PBXFileReference; lastKnownFileType = text.html; name = Base; path = Base.lproj/Main.html; sourceTree = "<group>"; };
		CC25D4BB2FE08E9F0083FE0E /* Icon.png */ = {isa = PBXFileReference; lastKnownFileType = image.png; path = Icon.png; sourceTree = "<group>"; };
		CC25D4BD2FE08E9F0083FE0E /* Style.css */ = {isa = PBXFileReference; lastKnownFileType = text.css; path = Style.css; sourceTree = "<group>"; };
		CC25D4BF2FE08E9F0083FE0E /* Script.js */ = {isa = PBXFileReference; lastKnownFileType = sourcecode.javascript; path = Script.js; sourceTree = "<group>"; };
		CC25D4C12FE08E9F0083FE0E /* ViewController.swift */ = {isa = PBXFileReference; lastKnownFileType = sourcecode.swift; path = ViewController.swift; sourceTree = "<group>"; };
		CC25D4C42FE08E9F0083FE0E /* Base */ = {isa = PBXFileReference; lastKnownFileType = file.storyboard; name = Base; path = Base.lproj/Main.storyboard; sourceTree = "<group>"; };
		CC25D4C62FE08EA00083FE0E /* Assets.xcassets */ = {isa = PBXFileReference; lastKnownFileType = folder.assetcatalog; path = Assets.xcassets; sourceTree = "<group>"; };
		CC25D4C82FE08EA00083FE0E /* Info.plist */ = {isa = PBXFileReference; lastKnownFileType = text.plist.xml; path = Info.plist; sourceTree = "<group>"; };
		CC25D4CD2FE08EA00083FE0E /* Stardance Utils Safari Extension.appex */ = {isa = PBXFileReference; explicitFileType = "wrapper.app-extension"; includeInIndex = 0; path = "Stardance Utils Safari Extension.appex"; sourceTree = BUILT_PRODUCTS_DIR; };
		CC25D4D22FE08EA00083FE0E /* SafariWebExtensionHandler.swift */ = {isa = PBXFileReference; lastKnownFileType = sourcecode.swift; path = SafariWebExtensionHandler.swift; sourceTree = "<group>"; };
		CC25D4D42FE08EA00083FE0E /* Info.plist */ = {isa = PBXFileReference; lastKnownFileType = text.plist.xml; path = Info.plist; sourceTree = "<group>"; };
		CC25D4DF2FE08EA00083FE0E /* onboarding.js */ = {isa = PBXFileReference; lastKnownFileType = sourcecode.javascript; name = onboarding.js; path = Resources/onboarding.js; sourceTree = "<group>"; };
		CC25D4E02FE08EA00083FE0E /* styles.css */ = {isa = PBXFileReference; lastKnownFileType = text.css; name = styles.css; path = Resources/styles.css; sourceTree = "<group>"; };
		CC25D4E12FE08EA00083FE0E /* openai-verify.js */ = {isa = PBXFileReference; lastKnownFileType = sourcecode.javascript; name = "openai-verify.js"; path = "Resources/openai-verify.js"; sourceTree = "<group>"; };
		CC25D4E22FE08EA00083FE0E /* background.js */ = {isa = PBXFileReference; lastKnownFileType = sourcecode.javascript; name = background.js; path = Resources/background.js; sourceTree = "<group>"; };
		CC25D4E32FE08EA00083FE0E /* command-palette.js */ = {isa = PBXFileReference; lastKnownFileType = sourcecode.javascript; name = "command-palette.js"; path = "Resources/command-palette.js"; sourceTree = "<group>"; };
		CC25D4E42FE08EA00083FE0E /* sidebar.js */ = {isa = PBXFileReference; lastKnownFileType = sourcecode.javascript; name = sidebar.js; path = Resources/sidebar.js; sourceTree = "<group>"; };
		CC25D4E52FE08EA00083FE0E /* ai-check.js */ = {isa = PBXFileReference; lastKnownFileType = sourcecode.javascript; name = "ai-check.js"; path = "Resources/ai-check.js"; sourceTree = "<group>"; };
		CC25D4E62FE08EA00083FE0E /* themes.js */ = {isa = PBXFileReference; lastKnownFileType = sourcecode.javascript; name = themes.js; path = Resources/themes.js; sourceTree = "<group>"; };
		CC25D4E72FE08EA00083FE0E /* icon128.png */ = {isa = PBXFileReference; lastKnownFileType = image.png; name = icon128.png; path = Resources/icon128.png; sourceTree = "<group>"; };
		CC25D4E82FE08EA00083FE0E /* icon64.png */ = {isa = PBXFileReference; lastKnownFileType = image.png; name = icon64.png; path = Resources/icon64.png; sourceTree = "<group>"; };
		CC25D4E92FE08EA00083FE0E /* projects.js */ = {isa = PBXFileReference; lastKnownFileType = sourcecode.javascript; name = projects.js; path = Resources/projects.js; sourceTree = "<group>"; };
		CC25D4EA2FE08EA00083FE0E /* manifest.json */ = {isa = PBXFileReference; lastKnownFileType = text.json; name = manifest.json; path = Resources/manifest.json; sourceTree = "<group>"; };
		CC25D4EB2FE08EA00083FE0E /* shop.js */ = {isa = PBXFileReference; lastKnownFileType = sourcecode.javascript; name = shop.js; path = Resources/shop.js; sourceTree = "<group>"; };
		CC25D4EC2FE08EA00083FE0E /* content.js */ = {isa = PBXFileReference; lastKnownFileType = sourcecode.javascript; name = content.js; path = Resources/content.js; sourceTree = "<group>"; };
		CC25D4ED2FE08EA00083FE0E /* shared.js */ = {isa = PBXFileReference; lastKnownFileType = sourcecode.javascript; name = shared.js; path = Resources/shared.js; sourceTree = "<group>"; };
		CC25D4EE2FE08EA00083FE0E /* themes */ = {isa = PBXFileReference; lastKnownFileType = folder; name = themes; path = Resources/themes; sourceTree = "<group>"; };
		CC25D4EF2FE08EA00083FE0E /* settings.js */ = {isa = PBXFileReference; lastKnownFileType = sourcecode.javascript; name = settings.js; path = Resources/settings.js; sourceTree = "<group>"; };
		CC25D4F02FE08EA00083FE0E /* icon32.png */ = {isa = PBXFileReference; lastKnownFileType = image.png; name = icon32.png; path = Resources/icon32.png; sourceTree = "<group>"; };
/* End PBXFileReference section */

/* Begin PBXFrameworksBuildPhase section */
		CC25D4AF2FE08E9F0083FE0E /* Frameworks */ = {
			isa = PBXFrameworksBuildPhase;
			buildActionMask = 2147483647;
			files = (
			);
			runOnlyForDeploymentPostprocessing = 0;
		};
		CC25D4CA2FE08EA00083FE0E /* Frameworks */ = {
			isa = PBXFrameworksBuildPhase;
			buildActionMask = 2147483647;
			files = (
			);
			runOnlyForDeploymentPostprocessing = 0;
		};
/* End PBXFrameworksBuildPhase section */

/* Begin PBXGroup section */
		CC25D4A92FE08E9F0083FE0E = {
			isa = PBXGroup;
			children = (
				CC25D4B42FE08E9F0083FE0E /* Stardance Utils Safari */,
				CC25D4D12FE08EA00083FE0E /* Stardance Utils Safari Extension */,
				CC25D4B32FE08E9F0083FE0E /* Products */,
			);
			sourceTree = "<group>";
		};
		CC25D4B32FE08E9F0083FE0E /* Products */ = {
			isa = PBXGroup;
			children = (
				CC25D4B22FE08E9F0083FE0E /* Stardance Utils Safari.app */,
				CC25D4CD2FE08EA00083FE0E /* Stardance Utils Safari Extension.appex */,
			);
			name = Products;
			sourceTree = "<group>";
		};
		CC25D4B42FE08E9F0083FE0E /* Stardance Utils Safari */ = {
			isa = PBXGroup;
			children = (
				CC25D4B52FE08E9F0083FE0E /* AppDelegate.swift */,
				CC25D4C12FE08E9F0083FE0E /* ViewController.swift */,
				CC25D4C32FE08E9F0083FE0E /* Main.storyboard */,
				CC25D4C62FE08EA00083FE0E /* Assets.xcassets */,
				CC25D4C82FE08EA00083FE0E /* Info.plist */,
				CC25D4B72FE08E9F0083FE0E /* Resources */,
			);
			path = "Stardance Utils Safari";
			sourceTree = "<group>";
		};
		CC25D4B72FE08E9F0083FE0E /* Resources */ = {
			isa = PBXGroup;
			children = (
				CC25D4B82FE08E9F0083FE0E /* Main.html */,
				CC25D4BB2FE08E9F0083FE0E /* Icon.png */,
				CC25D4BD2FE08E9F0083FE0E /* Style.css */,
				CC25D4BF2FE08E9F0083FE0E /* Script.js */,
			);
			path = Resources;
			sourceTree = "<group>";
		};
		CC25D4D12FE08EA00083FE0E /* Stardance Utils Safari Extension */ = {
			isa = PBXGroup;
			children = (
				CC25D4DE2FE08EA00083FE0E /* Resources */,
				CC25D4D22FE08EA00083FE0E /* SafariWebExtensionHandler.swift */,
				CC25D4D42FE08EA00083FE0E /* Info.plist */,
			);
			path = "Stardance Utils Safari Extension";
			sourceTree = "<group>";
		};
		CC25D4DE2FE08EA00083FE0E /* Resources */ = {
			isa = PBXGroup;
			children = (
				CC25D4DF2FE08EA00083FE0E /* onboarding.js */,
				CC25D4E02FE08EA00083FE0E /* styles.css */,
				CC25D4E12FE08EA00083FE0E /* openai-verify.js */,
				CC25D4E22FE08EA00083FE0E /* background.js */,
				CC25D4E32FE08EA00083FE0E /* command-palette.js */,
				CC25D4E42FE08EA00083FE0E /* sidebar.js */,
				CC25D4E52FE08EA00083FE0E /* ai-check.js */,
				CC25D4E62FE08EA00083FE0E /* themes.js */,
				CC25D4E72FE08EA00083FE0E /* icon128.png */,
				CC25D4E82FE08EA00083FE0E /* icon64.png */,
				CC25D4E92FE08EA00083FE0E /* projects.js */,
				CC25D4EA2FE08EA00083FE0E /* manifest.json */,
				CC25D4EB2FE08EA00083FE0E /* shop.js */,
				CC25D4EC2FE08EA00083FE0E /* content.js */,
				CC25D4ED2FE08EA00083FE0E /* shared.js */,
				CC25D4EE2FE08EA00083FE0E /* themes */,
				CC25D4EF2FE08EA00083FE0E /* settings.js */,
				CC25D4F02FE08EA00083FE0E /* icon32.png */,
			);
			name = Resources;
			path = "Stardance Utils Safari Extension";
			sourceTree = SOURCE_ROOT;
		};
/* End PBXGroup section */

/* Begin PBXNativeTarget section */
		CC25D4B12FE08E9F0083FE0E /* Stardance Utils Safari */ = {
			isa = PBXNativeTarget;
			buildConfigurationList = CC25D4DB2FE08EA00083FE0E /* Build configuration list for PBXNativeTarget "Stardance Utils Safari" */;
			buildPhases = (
				CC25D4AE2FE08E9F0083FE0E /* Sources */,
				CC25D4AF2FE08E9F0083FE0E /* Frameworks */,
				CC25D4B02FE08E9F0083FE0E /* Resources */,
				CC25D4DA2FE08EA00083FE0E /* Embed Foundation Extensions */,
			);
			buildRules = (
			);
			dependencies = (
				CC25D4D02FE08EA00083FE0E /* PBXTargetDependency */,
			);
			name = "Stardance Utils Safari";
			packageProductDependencies = (
			);
			productName = "Stardance Utils Safari";
			productReference = CC25D4B22FE08E9F0083FE0E /* Stardance Utils Safari.app */;
			productType = "com.apple.product-type.application";
		};
		CC25D4CC2FE08EA00083FE0E /* Stardance Utils Safari Extension */ = {
			isa = PBXNativeTarget;
			buildConfigurationList = CC25D4D72FE08EA00083FE0E /* Build configuration list for PBXNativeTarget "Stardance Utils Safari Extension" */;
			buildPhases = (
				CC25D4C92FE08EA00083FE0E /* Sources */,
				CC25D4CA2FE08EA00083FE0E /* Frameworks */,
				CC25D4CB2FE08EA00083FE0E /* Resources */,
			);
			buildRules = (
			);
			dependencies = (
			);
			name = "Stardance Utils Safari Extension";
			packageProductDependencies = (
			);
			productName = "Stardance Utils Safari Extension";
			productReference = CC25D4CD2FE08EA00083FE0E /* Stardance Utils Safari Extension.appex */;
			productType = "com.apple.product-type.app-extension";
		};
/* End PBXNativeTarget section */

/* Begin PBXProject section */
		CC25D4AA2FE08E9F0083FE0E /* Project object */ = {
			isa = PBXProject;
			attributes = {
				BuildIndependentTargetsInParallel = 1;
				LastSwiftUpdateCheck = 2620;
				LastUpgradeCheck = 2620;
				TargetAttributes = {
					CC25D4B12FE08E9F0083FE0E = {
						CreatedOnToolsVersion = 26.2;
					};
					CC25D4CC2FE08EA00083FE0E = {
						CreatedOnToolsVersion = 26.2;
					};
				};
			};
			buildConfigurationList = CC25D4AD2FE08E9F0083FE0E /* Build configuration list for PBXProject "Stardance Utils Safari" */;
			developmentRegion = en;
			hasScannedForEncodings = 0;
			knownRegions = (
				en,
				Base,
			);
			mainGroup = CC25D4A92FE08E9F0083FE0E;
			minimizedProjectReferenceProxies = 1;
			preferredProjectObjectVersion = 77;
			productRefGroup = CC25D4B32FE08E9F0083FE0E /* Products */;
			projectDirPath = "";
			projectRoot = "";
			targets = (
				CC25D4B12FE08E9F0083FE0E /* Stardance Utils Safari */,
				CC25D4CC2FE08EA00083FE0E /* Stardance Utils Safari Extension */,
			);
		};
/* End PBXProject section */

/* Begin PBXResourcesBuildPhase section */
		CC25D4B02FE08E9F0083FE0E /* Resources */ = {
			isa = PBXResourcesBuildPhase;
			buildActionMask = 2147483647;
			files = (
				CC25D4BC2FE08E9F0083FE0E /* Icon.png in Resources */,
				CC25D4C52FE08E9F0083FE0E /* Main.storyboard in Resources */,
				CC25D4C02FE08E9F0083FE0E /* Script.js in Resources */,
				CC25D4BA2FE08E9F0083FE0E /* Main.html in Resources */,
				CC25D4C72FE08EA00083FE0E /* Assets.xcassets in Resources */,
				CC25D4BE2FE08E9F0083FE0E /* Style.css in Resources */,
			);
			runOnlyForDeploymentPostprocessing = 0;
		};
		CC25D4CB2FE08EA00083FE0E /* Resources */ = {
			isa = PBXResourcesBuildPhase;
			buildActionMask = 2147483647;
			files = (
				CC25D4F52FE08EA00083FE0E /* command-palette.js in Resources */,
				CC25D4F42FE08EA00083FE0E /* background.js in Resources */,
				CC25D4F92FE08EA00083FE0E /* icon128.png in Resources */,
				CC25D4F82FE08EA00083FE0E /* themes.js in Resources */,
				CC25D4FC2FE08EA00083FE0E /* manifest.json in Resources */,
				CC25D5012FE08EA00083FE0E /* settings.js in Resources */,
				CC25D4FA2FE08EA00083FE0E /* icon64.png in Resources */,
				CC25D5022FE08EA00083FE0E /* icon32.png in Resources */,
				CC25D4F12FE08EA00083FE0E /* onboarding.js in Resources */,
				CC25D4F72FE08EA00083FE0E /* ai-check.js in Resources */,
				CC25D4FB2FE08EA00083FE0E /* projects.js in Resources */,
				CC25D4FD2FE08EA00083FE0E /* shop.js in Resources */,
				CC25D4F32FE08EA00083FE0E /* openai-verify.js in Resources */,
				CC25D4F22FE08EA00083FE0E /* styles.css in Resources */,
				CC25D5002FE08EA00083FE0E /* themes in Resources */,
				CC25D4FE2FE08EA00083FE0E /* content.js in Resources */,
				CC25D4FF2FE08EA00083FE0E /* shared.js in Resources */,
				CC25D4F62FE08EA00083FE0E /* sidebar.js in Resources */,
			);
			runOnlyForDeploymentPostprocessing = 0;
		};
/* End PBXResourcesBuildPhase section */

/* Begin PBXSourcesBuildPhase section */
		CC25D4AE2FE08E9F0083FE0E /* Sources */ = {
			isa = PBXSourcesBuildPhase;
			buildActionMask = 2147483647;
			files = (
				CC25D4C22FE08E9F0083FE0E /* ViewController.swift in Sources */,
				CC25D4B62FE08E9F0083FE0E /* AppDelegate.swift in Sources */,
			);
			runOnlyForDeploymentPostprocessing = 0;
		};
		CC25D4C92FE08EA00083FE0E /* Sources */ = {
			isa = PBXSourcesBuildPhase;
			buildActionMask = 2147483647;
			files = (
				CC25D4D32FE08EA00083FE0E /* SafariWebExtensionHandler.swift in Sources */,
			);
			runOnlyForDeploymentPostprocessing = 0;
		};
/* End PBXSourcesBuildPhase section */

/* Begin PBXTargetDependency section */
		CC25D4D02FE08EA00083FE0E /* PBXTargetDependency */ = {
			isa = PBXTargetDependency;
			target = CC25D4CC2FE08EA00083FE0E /* Stardance Utils Safari Extension */;
			targetProxy = CC25D4CF2FE08EA00083FE0E /* PBXContainerItemProxy */;
		};
/* End PBXTargetDependency section */

/* Begin PBXVariantGroup section */
		CC25D4B82FE08E9F0083FE0E /* Main.html */ = {
			isa = PBXVariantGroup;
			children = (
				CC25D4B92FE08E9F0083FE0E /* Base */,
			);
			name = Main.html;
			sourceTree = "<group>";
		};
		CC25D4C32FE08E9F0083FE0E /* Main.storyboard */ = {
			isa = PBXVariantGroup;
			children = (
				CC25D4C42FE08E9F0083FE0E /* Base */,
			);
			name = Main.storyboard;
			sourceTree = "<group>";
		};
/* End PBXVariantGroup section */

/* Begin XCBuildConfiguration section */
		CC25D4D52FE08EA00083FE0E /* Debug */ = {
			isa = XCBuildConfiguration;
			buildSettings = {
				ALWAYS_SEARCH_USER_PATHS = NO;
				ASSETCATALOG_COMPILER_GENERATE_SWIFT_ASSET_SYMBOL_EXTENSIONS = YES;
				CLANG_ANALYZER_NONNULL = YES;
				CLANG_ANALYZER_NUMBER_OBJECT_CONVERSION = YES_AGGRESSIVE;
				CLANG_CXX_LANGUAGE_STANDARD = "gnu++20";
				CLANG_ENABLE_MODULES = YES;
				CLANG_ENABLE_OBJC_ARC = YES;
				CLANG_ENABLE_OBJC_WEAK = YES;
				CLANG_WARN_BLOCK_CAPTURE_AUTORELEASING = YES;
				CLANG_WARN_BOOL_CONVERSION = YES;
				CLANG_WARN_COMMA = YES;
				CLANG_WARN_CONSTANT_CONVERSION = YES;
				CLANG_WARN_DEPRECATED_OBJC_IMPLEMENTATIONS = YES;
				CLANG_WARN_DIRECT_OBJC_ISA_USAGE = YES_ERROR;
				CLANG_WARN_DOCUMENTATION_COMMENTS = YES;
				CLANG_WARN_EMPTY_BODY = YES;
				CLANG_WARN_ENUM_CONVERSION = YES;
				CLANG_WARN_INFINITE_RECURSION = YES;
				CLANG_WARN_INT_CONVERSION = YES;
				CLANG_WARN_NON_LITERAL_NULL_CONVERSION = YES;
				CLANG_WARN_OBJC_IMPLICIT_RETAIN_SELF = YES;
				CLANG_WARN_OBJC_LITERAL_CONVERSION = YES;
				CLANG_WARN_OBJC_ROOT_CLASS = YES_ERROR;
				CLANG_WARN_QUOTED_INCLUDE_IN_FRAMEWORK_HEADER = YES;
				CLANG_WARN_RANGE_LOOP_ANALYSIS = YES;
				CLANG_WARN_STRICT_PROTOTYPES = YES;
				CLANG_WARN_SUSPICIOUS_MOVE = YES;
				CLANG_WARN_UNGUARDED_AVAILABILITY = YES_AGGRESSIVE;
				CLANG_WARN_UNREACHABLE_CODE = YES;
				CLANG_WARN__DUPLICATE_METHOD_MATCH = YES;
				COPY_PHASE_STRIP = NO;
				DEBUG_INFORMATION_FORMAT = dwarf;
				ENABLE_STRICT_OBJC_MSGSEND = YES;
				ENABLE_TESTABILITY = YES;
				ENABLE_USER_SCRIPT_SANDBOXING = YES;
				GCC_C_LANGUAGE_STANDARD = gnu17;
				GCC_DYNAMIC_NO_PIC = NO;
				GCC_NO_COMMON_BLOCKS = YES;
				GCC_OPTIMIZATION_LEVEL = 0;
				GCC_PREPROCESSOR_DEFINITIONS = (
					"DEBUG=1",
					"$(inherited)",
				);
				GCC_WARN_64_TO_32_BIT_CONVERSION = YES;
				GCC_WARN_ABOUT_RETURN_TYPE = YES_ERROR;
				GCC_WARN_UNDECLARED_SELECTOR = YES;
				GCC_WARN_UNINITIALIZED_AUTOS = YES_AGGRESSIVE;
				GCC_WARN_UNUSED_FUNCTION = YES;
				GCC_WARN_UNUSED_VARIABLE = YES;
				LOCALIZATION_PREFERS_STRING_CATALOGS = YES;
				MACOSX_DEPLOYMENT_TARGET = 14.0;
				MTL_ENABLE_DEBUG_INFO = INCLUDE_SOURCE;
				MTL_FAST_MATH = YES;
				ONLY_ACTIVE_ARCH = YES;
				SDKROOT = macosx;
				SWIFT_ACTIVE_COMPILATION_CONDITIONS = "DEBUG $(inherited)";
				SWIFT_OPTIMIZATION_LEVEL = "-Onone";
			};
			name = Debug;
		};
		CC25D4D62FE08EA00083FE0E /* Release */ = {
			isa = XCBuildConfiguration;
			buildSettings = {
				ALWAYS_SEARCH_USER_PATHS = NO;
				ASSETCATALOG_COMPILER_GENERATE_SWIFT_ASSET_SYMBOL_EXTENSIONS = YES;
				CLANG_ANALYZER_NONNULL = YES;
				CLANG_ANALYZER_NUMBER_OBJECT_CONVERSION = YES_AGGRESSIVE;
				CLANG_CXX_LANGUAGE_STANDARD = "gnu++20";
				CLANG_ENABLE_MODULES = YES;
				CLANG_ENABLE_OBJC_ARC = YES;
				CLANG_ENABLE_OBJC_WEAK = YES;
				CLANG_WARN_BLOCK_CAPTURE_AUTORELEASING = YES;
				CLANG_WARN_BOOL_CONVERSION = YES;
				CLANG_WARN_COMMA = YES;
				CLANG_WARN_CONSTANT_CONVERSION = YES;
				CLANG_WARN_DEPRECATED_OBJC_IMPLEMENTATIONS = YES;
				CLANG_WARN_DIRECT_OBJC_ISA_USAGE = YES_ERROR;
				CLANG_WARN_DOCUMENTATION_COMMENTS = YES;
				CLANG_WARN_EMPTY_BODY = YES;
				CLANG_WARN_ENUM_CONVERSION = YES;
				CLANG_WARN_INFINITE_RECURSION = YES;
				CLANG_WARN_INT_CONVERSION = YES;
				CLANG_WARN_NON_LITERAL_NULL_CONVERSION = YES;
				CLANG_WARN_OBJC_IMPLICIT_RETAIN_SELF = YES;
				CLANG_WARN_OBJC_LITERAL_CONVERSION = YES;
				CLANG_WARN_OBJC_ROOT_CLASS = YES_ERROR;
				CLANG_WARN_QUOTED_INCLUDE_IN_FRAMEWORK_HEADER = YES;
				CLANG_WARN_RANGE_LOOP_ANALYSIS = YES;
				CLANG_WARN_STRICT_PROTOTYPES = YES;
				CLANG_WARN_SUSPICIOUS_MOVE = YES;
				CLANG_WARN_UNGUARDED_AVAILABILITY = YES_AGGRESSIVE;
				CLANG_WARN_UNREACHABLE_CODE = YES;
				CLANG_WARN__DUPLICATE_METHOD_MATCH = YES;
				COPY_PHASE_STRIP = NO;
				DEBUG_INFORMATION_FORMAT = "dwarf-with-dsym";
				ENABLE_NS_ASSERTIONS = NO;
				ENABLE_STRICT_OBJC_MSGSEND = YES;
				ENABLE_USER_SCRIPT_SANDBOXING = YES;
				GCC_C_LANGUAGE_STANDARD = gnu17;
				GCC_NO_COMMON_BLOCKS = YES;
				GCC_WARN_64_TO_32_BIT_CONVERSION = YES;
				GCC_WARN_ABOUT_RETURN_TYPE = YES_ERROR;
				GCC_WARN_UNDECLARED_SELECTOR = YES;
				GCC_WARN_UNINITIALIZED_AUTOS = YES_AGGRESSIVE;
				GCC_WARN_UNUSED_FUNCTION = YES;
				GCC_WARN_UNUSED_VARIABLE = YES;
				LOCALIZATION_PREFERS_STRING_CATALOGS = YES;
				MACOSX_DEPLOYMENT_TARGET = 14.0;
				MTL_ENABLE_DEBUG_INFO = NO;
				MTL_FAST_MATH = YES;
				SDKROOT = macosx;
				SWIFT_COMPILATION_MODE = wholemodule;
			};
			name = Release;
		};
		CC25D4D82FE08EA00083FE0E /* Debug */ = {
			isa = XCBuildConfiguration;
			buildSettings = {
				CODE_SIGN_STYLE = Automatic;
				CURRENT_PROJECT_VERSION = 1;
				ENABLE_APP_SANDBOX = YES;
				ENABLE_HARDENED_RUNTIME = YES;
				ENABLE_USER_SELECTED_FILES = readonly;
				GENERATE_INFOPLIST_FILE = YES;
				INFOPLIST_FILE = "Stardance Utils Safari Extension/Info.plist";
				INFOPLIST_KEY_CFBundleDisplayName = "Stardance Utils Safari Extension";
				INFOPLIST_KEY_NSHumanReadableCopyright = "";
				LD_RUNPATH_SEARCH_PATHS = (
					"$(inherited)",
					"@executable_path/../Frameworks",
					"@executable_path/../../../../Frameworks",
				);
				MACOSX_DEPLOYMENT_TARGET = 14.0;
				MARKETING_VERSION = 0.0.7;
				OTHER_LDFLAGS = (
					"-framework",
					SafariServices,
				);
				PRODUCT_BUNDLE_IDENTIFIER = com.hridyaagrawal.stardanceutils.extension;
				PRODUCT_NAME = "$(TARGET_NAME)";
				SKIP_INSTALL = YES;
				STRING_CATALOG_GENERATE_SYMBOLS = YES;
				SWIFT_APPROACHABLE_CONCURRENCY = YES;
				SWIFT_EMIT_LOC_STRINGS = YES;
				SWIFT_UPCOMING_FEATURE_MEMBER_IMPORT_VISIBILITY = YES;
				SWIFT_VERSION = 5.0;
			};
			name = Debug;
		};
		CC25D4D92FE08EA00083FE0E /* Release */ = {
			isa = XCBuildConfiguration;
			buildSettings = {
				CODE_SIGN_STYLE = Automatic;
				CURRENT_PROJECT_VERSION = 1;
				ENABLE_APP_SANDBOX = YES;
				ENABLE_HARDENED_RUNTIME = YES;
				ENABLE_USER_SELECTED_FILES = readonly;
				GENERATE_INFOPLIST_FILE = YES;
				INFOPLIST_FILE = "Stardance Utils Safari Extension/Info.plist";
				INFOPLIST_KEY_CFBundleDisplayName = "Stardance Utils Safari Extension";
				INFOPLIST_KEY_NSHumanReadableCopyright = "";
				LD_RUNPATH_SEARCH_PATHS = (
					"$(inherited)",
					"@executable_path/../Frameworks",
					"@executable_path/../../../../Frameworks",
				);
				MACOSX_DEPLOYMENT_TARGET = 14.0;
				MARKETING_VERSION = 0.0.7;
				OTHER_LDFLAGS = (
					"-framework",
					SafariServices,
				);
				PRODUCT_BUNDLE_IDENTIFIER = com.hridyaagrawal.stardanceutils.extension;
				PRODUCT_NAME = "$(TARGET_NAME)";
				SKIP_INSTALL = YES;
				STRING_CATALOG_GENERATE_SYMBOLS = YES;
				SWIFT_APPROACHABLE_CONCURRENCY = YES;
				SWIFT_EMIT_LOC_STRINGS = YES;
				SWIFT_UPCOMING_FEATURE_MEMBER_IMPORT_VISIBILITY = YES;
				SWIFT_VERSION = 5.0;
			};
			name = Release;
		};
		CC25D4DC2FE08EA00083FE0E /* Debug */ = {
			isa = XCBuildConfiguration;
			buildSettings = {
				ASSETCATALOG_COMPILER_APPICON_NAME = AppIcon;
				ASSETCATALOG_COMPILER_GLOBAL_ACCENT_COLOR_NAME = AccentColor;
				CODE_SIGN_STYLE = Automatic;
				COMBINE_HIDPI_IMAGES = YES;
				CURRENT_PROJECT_VERSION = 1;
				ENABLE_APP_SANDBOX = YES;
				ENABLE_HARDENED_RUNTIME = YES;
				ENABLE_OUTGOING_NETWORK_CONNECTIONS = YES;
				ENABLE_USER_SELECTED_FILES = readonly;
				GENERATE_INFOPLIST_FILE = YES;
				INFOPLIST_FILE = "Stardance Utils Safari/Info.plist";
				INFOPLIST_KEY_CFBundleDisplayName = "Stardance Utils Safari";
				INFOPLIST_KEY_LSApplicationCategoryType = "public.app-category.productivity";
				INFOPLIST_KEY_NSHumanReadableCopyright = "";
				INFOPLIST_KEY_NSMainStoryboardFile = Main;
				INFOPLIST_KEY_NSPrincipalClass = NSApplication;
				LD_RUNPATH_SEARCH_PATHS = (
					"$(inherited)",
					"@executable_path/../Frameworks",
				);
				MARKETING_VERSION = 0.0.7;
				OTHER_LDFLAGS = (
					"-framework",
					SafariServices,
					"-framework",
					WebKit,
				);
				PRODUCT_BUNDLE_IDENTIFIER = com.hridyaagrawal.stardanceutils;
				PRODUCT_NAME = "$(TARGET_NAME)";
				REGISTER_APP_GROUPS = YES;
				STRING_CATALOG_GENERATE_SYMBOLS = YES;
				SWIFT_APPROACHABLE_CONCURRENCY = YES;
				SWIFT_DEFAULT_ACTOR_ISOLATION = MainActor;
				SWIFT_EMIT_LOC_STRINGS = YES;
				SWIFT_UPCOMING_FEATURE_MEMBER_IMPORT_VISIBILITY = YES;
				SWIFT_VERSION = 5.0;
			};
			name = Debug;
		};
		CC25D4DD2FE08EA00083FE0E /* Release */ = {
			isa = XCBuildConfiguration;
			buildSettings = {
				ASSETCATALOG_COMPILER_APPICON_NAME = AppIcon;
				ASSETCATALOG_COMPILER_GLOBAL_ACCENT_COLOR_NAME = AccentColor;
				CODE_SIGN_STYLE = Automatic;
				COMBINE_HIDPI_IMAGES = YES;
				CURRENT_PROJECT_VERSION = 1;
				ENABLE_APP_SANDBOX = YES;
				ENABLE_HARDENED_RUNTIME = YES;
				ENABLE_OUTGOING_NETWORK_CONNECTIONS = YES;
				ENABLE_USER_SELECTED_FILES = readonly;
				GENERATE_INFOPLIST_FILE = YES;
				INFOPLIST_FILE = "Stardance Utils Safari/Info.plist";
				INFOPLIST_KEY_CFBundleDisplayName = "Stardance Utils Safari";
				INFOPLIST_KEY_LSApplicationCategoryType = "public.app-category.productivity";
				INFOPLIST_KEY_NSHumanReadableCopyright = "";
				INFOPLIST_KEY_NSMainStoryboardFile = Main;
				INFOPLIST_KEY_NSPrincipalClass = NSApplication;
				LD_RUNPATH_SEARCH_PATHS = (
					"$(inherited)",
					"@executable_path/../Frameworks",
				);
				MARKETING_VERSION = 0.0.7;
				OTHER_LDFLAGS = (
					"-framework",
					SafariServices,
					"-framework",
					WebKit,
				);
				PRODUCT_BUNDLE_IDENTIFIER = com.hridyaagrawal.stardanceutils;
				PRODUCT_NAME = "$(TARGET_NAME)";
				REGISTER_APP_GROUPS = YES;
				STRING_CATALOG_GENERATE_SYMBOLS = YES;
				SWIFT_APPROACHABLE_CONCURRENCY = YES;
				SWIFT_DEFAULT_ACTOR_ISOLATION = MainActor;
				SWIFT_EMIT_LOC_STRINGS = YES;
				SWIFT_UPCOMING_FEATURE_MEMBER_IMPORT_VISIBILITY = YES;
				SWIFT_VERSION = 5.0;
			};
			name = Release;
		};
/* End XCBuildConfiguration section */

/* Begin XCConfigurationList section */
		CC25D4AD2FE08E9F0083FE0E /* Build configuration list for PBXProject "Stardance Utils Safari" */ = {
			isa = XCConfigurationList;
			buildConfigurations = (
				CC25D4D52FE08EA00083FE0E /* Debug */,
				CC25D4D62FE08EA00083FE0E /* Release */,
			);
			defaultConfigurationIsVisible = 0;
			defaultConfigurationName = Release;
		};
		CC25D4D72FE08EA00083FE0E /* Build configuration list for PBXNativeTarget "Stardance Utils Safari Extension" */ = {
			isa = XCConfigurationList;
			buildConfigurations = (
				CC25D4D82FE08EA00083FE0E /* Debug */,
				CC25D4D92FE08EA00083FE0E /* Release */,
			);
			defaultConfigurationIsVisible = 0;
			defaultConfigurationName = Release;
		};
		CC25D4DB2FE08EA00083FE0E /* Build configuration list for PBXNativeTarget "Stardance Utils Safari" */ = {
			isa = XCConfigurationList;
			buildConfigurations = (
				CC25D4DC2FE08EA00083FE0E /* Debug */,
				CC25D4DD2FE08EA00083FE0E /* Release */,
			);
			defaultConfigurationIsVisible = 0;
			defaultConfigurationName = Release;
		};
/* End XCConfigurationList section */
	};
	rootObject = CC25D4AA2FE08E9F0083FE0E /* Project object */;
}
